
Microsoft Visual Studio Solution File, Format Version 12.00
# Visual Studio Version 17
VisualStudioVersion = 17.14.36511.14 d17.14
MinimumVisualStudioVersion = 10.0.40219.1
Project("{FAE04EC0-301F-11D3-BF4B-00C04F79EFBC}") = "biblioteca", "biblioteca\biblioteca.csproj", "{DFAE4AAE-E2EC-4FE3-92D2-1B0EC9C8D083}"
EndProject
Global
	GlobalSection(SolutionConfigurationPlatforms) = preSolution
		Debug|Any CPU = Debug|Any CPU
		Release|Any CPU = Release|Any CPU
	EndGlobalSection
	GlobalSection(ProjectConfigurationPlatforms) = postSolution
		{DFAE4AAE-E2EC-4FE3-92D2-1B0EC9C8D083}.Debug|Any CPU.ActiveCfg = Debug|Any CPU
		{DFAE4AAE-E2EC-4FE3-92D2-1B0EC9C8D083}.Debug|Any CPU.Build.0 = Debug|Any CPU
		{DFAE4AAE-E2EC-4FE3-92D2-1B0EC9C8D083}.Release|Any CPU.ActiveCfg = Release|Any CPU
		{DFAE4AAE-E2EC-4FE3-92D2-1B0EC9C8D083}.Release|Any CPU.Build.0 = Release|Any CPU
	EndGlobalSection
	GlobalSection(SolutionProperties) = preSolution
		HideSolutionNode = FALSE
	EndGlobalSection
	GlobalSection(ExtensibilityGlobals) = postSolution
		SolutionGuid = {4574291D-99E0-49EA-A592-C5B4169D4D39}
	EndGlobalSection
EndGlobal
