
Microsoft Visual Studio Solution File, Format Version 12.00
# Visual Studio Version 17
VisualStudioVersion = 17.14.36511.14 d17.14
MinimumVisualStudioVersion = 10.0.40219.1
Project("{FAE04EC0-301F-11D3-BF4B-00C04F79EFBC}") = "menu codigos", "menu codigos\menu codigos.csproj", "{C2F5CF91-E52B-4188-A0AE-C3221ACEA237}"
EndProject
Global
	GlobalSection(SolutionConfigurationPlatforms) = preSolution
		Debug|Any CPU = Debug|Any CPU
		Release|Any CPU = Release|Any CPU
	EndGlobalSection
	GlobalSection(ProjectConfigurationPlatforms) = postSolution
		{C2F5CF91-E52B-4188-A0AE-C3221ACEA237}.Debug|Any CPU.ActiveCfg = Debug|Any CPU
		{C2F5CF91-E52B-4188-A0AE-C3221ACEA237}.Debug|Any CPU.Build.0 = Debug|Any CPU
		{C2F5CF91-E52B-4188-A0AE-C3221ACEA237}.Release|Any CPU.ActiveCfg = Release|Any CPU
		{C2F5CF91-E52B-4188-A0AE-C3221ACEA237}.Release|Any CPU.Build.0 = Release|Any CPU
	EndGlobalSection
	GlobalSection(SolutionProperties) = preSolution
		HideSolutionNode = FALSE
	EndGlobalSection
	GlobalSection(ExtensibilityGlobals) = postSolution
		SolutionGuid = {770CAAC8-2A04-4BD2-ACF9-DE00A533D071}
	EndGlobalSection
EndGlobal
